
Microsoft Visual Studio Solution File, Format Version 12.00
# Visual Studio Version 16
VisualStudioVersion = 16.0.29806.167
MinimumVisualStudioVersion = 10.0.40219.1
Project("{FAE04EC0-301F-11D3-BF4B-00C04F79EFBC}") = "SiraTakipSistemi", "SiraTakipSistemi\SiraTakipSistemi.csproj", "{3B4E4260-B3D5-416C-A9BE-972EC7103FC5}"
EndProject
Global
	GlobalSection(SolutionConfigurationPlatforms) = preSolution
		Debug|Any CPU = Debug|Any CPU
		Release|Any CPU = Release|Any CPU
	EndGlobalSection
	GlobalSection(ProjectConfigurationPlatforms) = postSolution
		{3B4E4260-B3D5-416C-A9BE-972EC7103FC5}.Debug|Any CPU.ActiveCfg = Debug|Any CPU
		{3B4E4260-B3D5-416C-A9BE-972EC7103FC5}.Debug|Any CPU.Build.0 = Debug|Any CPU
		{3B4E4260-B3D5-416C-A9BE-972EC7103FC5}.Release|Any CPU.ActiveCfg = Release|Any CPU
		{3B4E4260-B3D5-416C-A9BE-972EC7103FC5}.Release|Any CPU.Build.0 = Release|Any CPU
	EndGlobalSection
	GlobalSection(SolutionProperties) = preSolution
		HideSolutionNode = FALSE
	EndGlobalSection
	GlobalSection(ExtensibilityGlobals) = postSolution
		SolutionGuid = {3612FD2C-FDA1-4546-93A0-39E188B7A8ED}
	EndGlobalSection
EndGlobal
